
Microsoft Visual Studio Solution File, Format Version 12.00
# Visual Studio 15
VisualStudioVersion = 15.0.27130.0
MinimumVisualStudioVersion = 10.0.40219.1
Project("{9A19103F-16F7-4668-BE54-9A1E7A4F7556}") = "HouTaiWeb", "HouTaiWeb\HouTaiWeb.csproj", "{AF396693-F4FD-45C9-889D-5E9C4AE9A138}"
EndProject
Project("{9A19103F-16F7-4668-BE54-9A1E7A4F7556}") = "BT.Model", "BT.Model\BT.Model.csproj", "{EA073397-A760-4811-A2F9-567EAC583ADC}"
EndProject
Project("{9A19103F-16F7-4668-BE54-9A1E7A4F7556}") = "BT.Common", "BT.Common\BT.Common.csproj", "{CE225794-6D6F-4BDC-B7A0-0D6676EB3447}"
EndProject
Project("{9A19103F-16F7-4668-BE54-9A1E7A4F7556}") = "BT.Core", "BT.Core\BT.Core.csproj", "{F62D03D9-D8F9-4FF8-8167-DEAE5B13C0BD}"
EndProject
Project("{FAE04EC0-301F-11D3-BF4B-00C04F79EFBC}") = "TestConsole", "TestConsole\TestConsole.csproj", "{60B35C41-D7C8-4562-8F95-999316179F52}"
EndProject
Global
	GlobalSection(SolutionConfigurationPlatforms) = preSolution
		Debug|Any CPU = Debug|Any CPU
		Release|Any CPU = Release|Any CPU
	EndGlobalSection
	GlobalSection(ProjectConfigurationPlatforms) = postSolution
		{AF396693-F4FD-45C9-889D-5E9C4AE9A138}.Debug|Any CPU.ActiveCfg = Debug|Any CPU
		{AF396693-F4FD-45C9-889D-5E9C4AE9A138}.Debug|Any CPU.Build.0 = Debug|Any CPU
		{AF396693-F4FD-45C9-889D-5E9C4AE9A138}.Release|Any CPU.ActiveCfg = Release|Any CPU
		{AF396693-F4FD-45C9-889D-5E9C4AE9A138}.Release|Any CPU.Build.0 = Release|Any CPU
		{EA073397-A760-4811-A2F9-567EAC583ADC}.Debug|Any CPU.ActiveCfg = Debug|Any CPU
		{EA073397-A760-4811-A2F9-567EAC583ADC}.Debug|Any CPU.Build.0 = Debug|Any CPU
		{EA073397-A760-4811-A2F9-567EAC583ADC}.Release|Any CPU.ActiveCfg = Release|Any CPU
		{EA073397-A760-4811-A2F9-567EAC583ADC}.Release|Any CPU.Build.0 = Release|Any CPU
		{CE225794-6D6F-4BDC-B7A0-0D6676EB3447}.Debug|Any CPU.ActiveCfg = Debug|Any CPU
		{CE225794-6D6F-4BDC-B7A0-0D6676EB3447}.Debug|Any CPU.Build.0 = Debug|Any CPU
		{CE225794-6D6F-4BDC-B7A0-0D6676EB3447}.Release|Any CPU.ActiveCfg = Release|Any CPU
		{CE225794-6D6F-4BDC-B7A0-0D6676EB3447}.Release|Any CPU.Build.0 = Release|Any CPU
		{F62D03D9-D8F9-4FF8-8167-DEAE5B13C0BD}.Debug|Any CPU.ActiveCfg = Debug|Any CPU
		{F62D03D9-D8F9-4FF8-8167-DEAE5B13C0BD}.Debug|Any CPU.Build.0 = Debug|Any CPU
		{F62D03D9-D8F9-4FF8-8167-DEAE5B13C0BD}.Release|Any CPU.ActiveCfg = Release|Any CPU
		{F62D03D9-D8F9-4FF8-8167-DEAE5B13C0BD}.Release|Any CPU.Build.0 = Release|Any CPU
		{60B35C41-D7C8-4562-8F95-999316179F52}.Debug|Any CPU.ActiveCfg = Debug|Any CPU
		{60B35C41-D7C8-4562-8F95-999316179F52}.Debug|Any CPU.Build.0 = Debug|Any CPU
		{60B35C41-D7C8-4562-8F95-999316179F52}.Release|Any CPU.ActiveCfg = Release|Any CPU
		{60B35C41-D7C8-4562-8F95-999316179F52}.Release|Any CPU.Build.0 = Release|Any CPU
	EndGlobalSection
	GlobalSection(SolutionProperties) = preSolution
		HideSolutionNode = FALSE
	EndGlobalSection
	GlobalSection(ExtensibilityGlobals) = postSolution
		SolutionGuid = {916CF710-8B13-47A4-BEEF-7A6416C4A499}
	EndGlobalSection
EndGlobal
